
Microsoft Visual Studio Solution File, Format Version 12.00
# Visual Studio Version 16
VisualStudioVersion = 16.0.31129.286
MinimumVisualStudioVersion = 10.0.40219.1
Project("{FAE04EC0-301F-11D3-BF4B-00C04F79EFBC}") = "Dojo.Tests", "Dojo.Tests.csproj", "{D245F67D-1636-498A-B5E8-8E570D120D56}"
EndProject
Global
	GlobalSection(SolutionConfigurationPlatforms) = preSolution
		Debug|Any CPU = Debug|Any CPU
		Release|Any CPU = Release|Any CPU
	EndGlobalSection
	GlobalSection(ProjectConfigurationPlatforms) = postSolution
		{D245F67D-1636-498A-B5E8-8E570D120D56}.Debug|Any CPU.ActiveCfg = Debug|Any CPU
		{D245F67D-1636-498A-B5E8-8E570D120D56}.Debug|Any CPU.Build.0 = Debug|Any CPU
		{D245F67D-1636-498A-B5E8-8E570D120D56}.Release|Any CPU.ActiveCfg = Release|Any CPU
		{D245F67D-1636-498A-B5E8-8E570D120D56}.Release|Any CPU.Build.0 = Release|Any CPU
	EndGlobalSection
	GlobalSection(SolutionProperties) = preSolution
		HideSolutionNode = FALSE
	EndGlobalSection
	GlobalSection(ExtensibilityGlobals) = postSolution
		SolutionGuid = {8ABEC66D-B846-4C08-BDEE-450ECD535C92}
	EndGlobalSection
EndGlobal
